
Microsoft Visual Studio Solution File, Format Version 12.00
# Visual Studio Version 17
VisualStudioVersion = 17.8.34408.163
MinimumVisualStudioVersion = 10.0.40219.1
Project("{9A19103F-16F7-4668-BE54-9A1E7A4F7556}") = "GoogleMapExport2KML", "GoogleMapExport2KML\GoogleMapExport2KML.csproj", "{1B52BD4E-628A-4731-9EA4-1D4AE03DAB5D}"
EndProject
Project("{2150E333-8FDC-42A3-9474-1A3956D46DE8}") = "Solution Items", "Solution Items", "{8A300AFF-1611-4526-AFDA-EF0813B5AE84}"
	ProjectSection(SolutionItems) = preProject
		.gitignore = .gitignore
		README.md = README.md
	EndProjectSection
EndProject
Project("{2150E333-8FDC-42A3-9474-1A3956D46DE8}") = "workflows", "workflows", "{173F05E1-EEDB-4E45-9EA1-D49A04E4E2DF}"
	ProjectSection(SolutionItems) = preProject
		.github\workflows\dotnet.yml = .github\workflows\dotnet.yml
	EndProjectSection
EndProject
Global
	GlobalSection(SolutionConfigurationPlatforms) = preSolution
		Debug|Any CPU = Debug|Any CPU
		Release|Any CPU = Release|Any CPU
	EndGlobalSection
	GlobalSection(ProjectConfigurationPlatforms) = postSolution
		{1B52BD4E-628A-4731-9EA4-1D4AE03DAB5D}.Debug|Any CPU.ActiveCfg = Debug|Any CPU
		{1B52BD4E-628A-4731-9EA4-1D4AE03DAB5D}.Debug|Any CPU.Build.0 = Debug|Any CPU
		{1B52BD4E-628A-4731-9EA4-1D4AE03DAB5D}.Release|Any CPU.ActiveCfg = Release|Any CPU
		{1B52BD4E-628A-4731-9EA4-1D4AE03DAB5D}.Release|Any CPU.Build.0 = Release|Any CPU
	EndGlobalSection
	GlobalSection(SolutionProperties) = preSolution
		HideSolutionNode = FALSE
	EndGlobalSection
	GlobalSection(ExtensibilityGlobals) = postSolution
		SolutionGuid = {28E3DCB2-E963-417A-8D79-BB1454E1A32B}
	EndGlobalSection
EndGlobal
